
Microsoft Visual Studio Solution File, Format Version 12.00
# Visual Studio Version 16
VisualStudioVersion = 16.0.31702.278
MinimumVisualStudioVersion = 10.0.40219.1
Project("{9A19103F-16F7-4668-BE54-9A1E7A4F7556}") = "RandomNumber", "RandomNumber\RandomNumber.csproj", "{AC71DDB6-5FA3-4BBC-954A-14FFCCC0239C}"
EndProject
Project("{9A19103F-16F7-4668-BE54-9A1E7A4F7556}") = "Placeholder", "Placeholder\Placeholder.csproj", "{6D0090E9-CA06-4B9B-8D01-CBB0A4C4A9C4}"
EndProject
Project("{FAE04EC0-301F-11D3-BF4B-00C04F79EFBC}") = "IO", "IO\IO.csproj", "{1875A4B7-C163-49A4-B6A7-EEFA216774C0}"
EndProject
Global
	GlobalSection(SolutionConfigurationPlatforms) = preSolution
		Debug|Any CPU = Debug|Any CPU
		Release|Any CPU = Release|Any CPU
	EndGlobalSection
	GlobalSection(ProjectConfigurationPlatforms) = postSolution
		{AC71DDB6-5FA3-4BBC-954A-14FFCCC0239C}.Debug|Any CPU.ActiveCfg = Debug|Any CPU
		{AC71DDB6-5FA3-4BBC-954A-14FFCCC0239C}.Debug|Any CPU.Build.0 = Debug|Any CPU
		{AC71DDB6-5FA3-4BBC-954A-14FFCCC0239C}.Release|Any CPU.ActiveCfg = Release|Any CPU
		{AC71DDB6-5FA3-4BBC-954A-14FFCCC0239C}.Release|Any CPU.Build.0 = Release|Any CPU
		{6D0090E9-CA06-4B9B-8D01-CBB0A4C4A9C4}.Debug|Any CPU.ActiveCfg = Debug|Any CPU
		{6D0090E9-CA06-4B9B-8D01-CBB0A4C4A9C4}.Debug|Any CPU.Build.0 = Debug|Any CPU
		{6D0090E9-CA06-4B9B-8D01-CBB0A4C4A9C4}.Release|Any CPU.ActiveCfg = Release|Any CPU
		{6D0090E9-CA06-4B9B-8D01-CBB0A4C4A9C4}.Release|Any CPU.Build.0 = Release|Any CPU
		{1875A4B7-C163-49A4-B6A7-EEFA216774C0}.Debug|Any CPU.ActiveCfg = Debug|Any CPU
		{1875A4B7-C163-49A4-B6A7-EEFA216774C0}.Debug|Any CPU.Build.0 = Debug|Any CPU
		{1875A4B7-C163-49A4-B6A7-EEFA216774C0}.Release|Any CPU.ActiveCfg = Release|Any CPU
		{1875A4B7-C163-49A4-B6A7-EEFA216774C0}.Release|Any CPU.Build.0 = Release|Any CPU
	EndGlobalSection
	GlobalSection(SolutionProperties) = preSolution
		HideSolutionNode = FALSE
	EndGlobalSection
	GlobalSection(ExtensibilityGlobals) = postSolution
		SolutionGuid = {D17ED92E-1925-4E64-B825-B51284730A9F}
	EndGlobalSection
EndGlobal
